
Microsoft Visual Studio Solution File, Format Version 12.00
# Visual Studio Version 17
VisualStudioVersion = 17.5.33414.496
MinimumVisualStudioVersion = 10.0.40219.1
Project("{FAE04EC0-301F-11D3-BF4B-00C04F79EFBC}") = "week14OOP", "week14OOP\week14OOP.csproj", "{B03A5CF9-6F4D-4F7F-BE94-4D8AF80BB07A}"
EndProject
Global
	GlobalSection(SolutionConfigurationPlatforms) = preSolution
		Debug|Any CPU = Debug|Any CPU
		Release|Any CPU = Release|Any CPU
	EndGlobalSection
	GlobalSection(ProjectConfigurationPlatforms) = postSolution
		{B03A5CF9-6F4D-4F7F-BE94-4D8AF80BB07A}.Debug|Any CPU.ActiveCfg = Debug|Any CPU
		{B03A5CF9-6F4D-4F7F-BE94-4D8AF80BB07A}.Debug|Any CPU.Build.0 = Debug|Any CPU
		{B03A5CF9-6F4D-4F7F-BE94-4D8AF80BB07A}.Release|Any CPU.ActiveCfg = Release|Any CPU
		{B03A5CF9-6F4D-4F7F-BE94-4D8AF80BB07A}.Release|Any CPU.Build.0 = Release|Any CPU
	EndGlobalSection
	GlobalSection(SolutionProperties) = preSolution
		HideSolutionNode = FALSE
	EndGlobalSection
	GlobalSection(ExtensibilityGlobals) = postSolution
		SolutionGuid = {C6DE32E3-851D-44A6-A59D-F190E651F6BE}
	EndGlobalSection
EndGlobal
